
Microsoft Visual Studio Solution File, Format Version 12.00
# Visual Studio Version 16
VisualStudioVersion = 16.0.30711.63
MinimumVisualStudioVersion = 10.0.40219.1
Project("{FAE04EC0-301F-11D3-BF4B-00C04F79EFBC}") = "converter", "converter\converter.csproj", "{D1301D08-ECF6-4C2C-AA0C-58D26DF8367E}"
EndProject
Global
	GlobalSection(SolutionConfigurationPlatforms) = preSolution
		Debug|Any CPU = Debug|Any CPU
		Release|Any CPU = Release|Any CPU
	EndGlobalSection
	GlobalSection(ProjectConfigurationPlatforms) = postSolution
		{D1301D08-ECF6-4C2C-AA0C-58D26DF8367E}.Debug|Any CPU.ActiveCfg = Debug|Any CPU
		{D1301D08-ECF6-4C2C-AA0C-58D26DF8367E}.Debug|Any CPU.Build.0 = Debug|Any CPU
		{D1301D08-ECF6-4C2C-AA0C-58D26DF8367E}.Release|Any CPU.ActiveCfg = Release|Any CPU
		{D1301D08-ECF6-4C2C-AA0C-58D26DF8367E}.Release|Any CPU.Build.0 = Release|Any CPU
	EndGlobalSection
	GlobalSection(SolutionProperties) = preSolution
		HideSolutionNode = FALSE
	EndGlobalSection
	GlobalSection(ExtensibilityGlobals) = postSolution
		SolutionGuid = {0258C4D2-2F5D-4F37-90EF-D4C9418FB039}
	EndGlobalSection
EndGlobal
